{
  "version": 4,
  "terraform_version": "1.6.4",
  "serial": 54,
  "lineage": "04dc3ad1-b3ec-a9d8-94cf-14a10e726112",
  "outputs": {},
  "resources": [
    {
      "mode": "data",
      "type": "aws_iam_policy_document",
      "name": "assume_role",
      "provider": "provider[\"registry.terraform.io/hashicorp/aws\"]",
      "instances": [
        {
          "schema_version": 0,
          "attributes": {
            "id": "3917546067",
            "json": "{\n  \"Version\": \"2012-10-17\",\n  \"Statement\": [\n    {\n      \"Effect\": \"Allow\",\n      \"Action\": \"sts:AssumeRole\",\n      \"Principal\": {\n        \"Service\": [\n          \"scheduler.amazonaws.com\",\n          \"lambda.amazonaws.com\"\n        ]\n      }\n    }\n  ]\n}",
            "override_policy_documents": null,
            "policy_id": null,
            "source_policy_documents": null,
            "statement": [
              {
                "actions": [
                  "sts:AssumeRole"
                ],
                "condition": [],
                "effect": "Allow",
                "not_actions": [],
                "not_principals": [],
                "not_resources": [],
                "principals": [
                  {
                    "identifiers": [
                      "lambda.amazonaws.com",
                      "scheduler.amazonaws.com"
                    ],
                    "type": "Service"
                  }
                ],
                "resources": [],
                "sid": ""
              }
            ],
            "version": "2012-10-17"
          },
          "sensitive_attributes": []
        }
      ]
    },
    {
      "mode": "managed",
      "type": "aws_iam_role",
      "name": "iam_for_data_ingestor_lambda",
      "provider": "provider[\"registry.terraform.io/hashicorp/aws\"]",
      "instances": [
        {
          "schema_version": 0,
          "attributes": {
            "arn": "arn:aws:iam::477472432946:role/iam_for_data_ingestor_lambda",
            "assume_role_policy": "{\"Statement\":[{\"Action\":\"sts:AssumeRole\",\"Effect\":\"Allow\",\"Principal\":{\"Service\":[\"scheduler.amazonaws.com\",\"lambda.amazonaws.com\"]}}],\"Version\":\"2012-10-17\"}",
            "create_date": "2024-01-09T00:04:12Z",
            "description": "",
            "force_detach_policies": false,
            "id": "iam_for_data_ingestor_lambda",
            "inline_policy": [],
            "managed_policy_arns": [],
            "max_session_duration": 3600,
            "name": "iam_for_data_ingestor_lambda",
            "name_prefix": "",
            "path": "/",
            "permissions_boundary": "",
            "tags": {},
            "tags_all": {},
            "unique_id": "AROAW6K4TEMZHRMVFD4KC"
          },
          "sensitive_attributes": [],
          "private": "bnVsbA==",
          "dependencies": [
            "data.aws_iam_policy_document.assume_role"
          ]
        }
      ]
    },
    {
      "mode": "managed",
      "type": "aws_lambda_function",
      "name": "data-ingestor-lambda",
      "provider": "provider[\"registry.terraform.io/hashicorp/aws\"]",
      "instances": [
        {
          "schema_version": 0,
          "attributes": {
            "architectures": [
              "x86_64"
            ],
            "arn": "arn:aws:lambda:eu-north-1:477472432946:function:btc_faeture_store_data_ingestor",
            "code_signing_config_arn": "",
            "dead_letter_config": [],
            "description": "",
            "environment": [],
            "ephemeral_storage": [
              {
                "size": 512
              }
            ],
            "file_system_config": [],
            "filename": null,
            "function_name": "btc_faeture_store_data_ingestor",
            "handler": "",
            "id": "btc_faeture_store_data_ingestor",
            "image_config": [],
            "image_uri": "477472432946.dkr.ecr.eu-north-1.amazonaws.com/daily-data-ingestor-lambda-image:latest",
            "invoke_arn": "arn:aws:apigateway:eu-north-1:lambda:path/2015-03-31/functions/arn:aws:lambda:eu-north-1:477472432946:function:btc_faeture_store_data_ingestor/invocations",
            "kms_key_arn": "",
            "last_modified": "2024-01-09T00:09:32.675+0000",
            "layers": [],
            "memory_size": 128,
            "package_type": "Image",
            "publish": false,
            "qualified_arn": "arn:aws:lambda:eu-north-1:477472432946:function:btc_faeture_store_data_ingestor:$LATEST",
            "qualified_invoke_arn": "arn:aws:apigateway:eu-north-1:lambda:path/2015-03-31/functions/arn:aws:lambda:eu-north-1:477472432946:function:btc_faeture_store_data_ingestor:$LATEST/invocations",
            "replace_security_groups_on_destroy": null,
            "replacement_security_group_ids": null,
            "reserved_concurrent_executions": -1,
            "role": "arn:aws:iam::477472432946:role/iam_for_data_ingestor_lambda",
            "runtime": "",
            "s3_bucket": null,
            "s3_key": null,
            "s3_object_version": null,
            "signing_job_arn": "",
            "signing_profile_version_arn": "",
            "skip_destroy": false,
            "snap_start": [],
            "source_code_hash": "247531096106e96676aa346fcbd4359da525f38a742dcee368da9acdc8e490d0",
            "source_code_size": 0,
            "tags": {},
            "tags_all": {},
            "timeout": 3,
            "timeouts": null,
            "tracing_config": [
              {
                "mode": "PassThrough"
              }
            ],
            "version": "$LATEST",
            "vpc_config": []
          },
          "sensitive_attributes": [],
          "private": "eyJlMmJmYjczMC1lY2FhLTExZTYtOGY4OC0zNDM2M2JjN2M0YzAiOnsiY3JlYXRlIjo2MDAwMDAwMDAwMDAsImRlbGV0ZSI6NjAwMDAwMDAwMDAwLCJ1cGRhdGUiOjYwMDAwMDAwMDAwMH19",
          "dependencies": [
            "aws_iam_role.iam_for_data_ingestor_lambda",
            "data.aws_iam_policy_document.assume_role"
          ]
        }
      ]
    },
    {
      "mode": "managed",
      "type": "aws_scheduler_schedule",
      "name": "btc-data-ingestor-sch",
      "provider": "provider[\"registry.terraform.io/hashicorp/aws\"]",
      "instances": [
        {
          "schema_version": 0,
          "attributes": {
            "arn": "arn:aws:scheduler:eu-north-1:477472432946:schedule/default/btc-price-ingestor-sch",
            "description": "",
            "end_date": "",
            "flexible_time_window": [
              {
                "maximum_window_in_minutes": 0,
                "mode": "OFF"
              }
            ],
            "group_name": "default",
            "id": "default/btc-price-ingestor-sch",
            "kms_key_arn": "",
            "name": "btc-price-ingestor-sch",
            "name_prefix": "",
            "schedule_expression": "cron(0 0/4 * * ? 2024)",
            "schedule_expression_timezone": "UTC",
            "start_date": "2024-01-09T01:55:55Z",
            "state": "ENABLED",
            "target": [
              {
                "arn": "arn:aws:lambda:eu-north-1:477472432946:function:btc_faeture_store_data_ingestor",
                "dead_letter_config": [],
                "ecs_parameters": [],
                "eventbridge_parameters": [],
                "input": "",
                "kinesis_parameters": [],
                "retry_policy": [
                  {
                    "maximum_event_age_in_seconds": 86400,
                    "maximum_retry_attempts": 185
                  }
                ],
                "role_arn": "arn:aws:iam::477472432946:role/iam_for_data_ingestor_lambda",
                "sagemaker_pipeline_parameters": [],
                "sqs_parameters": []
              }
            ]
          },
          "sensitive_attributes": [],
          "private": "bnVsbA==",
          "dependencies": [
            "aws_iam_role.iam_for_data_ingestor_lambda",
            "aws_lambda_function.data-ingestor-lambda",
            "data.aws_iam_policy_document.assume_role"
          ]
        }
      ]
    }
  ],
  "check_results": null
}
